// !$*UTF8*$!
{
	archiveVersion = 1;
	classes = {
	};
	objectVersion = 56;
	objects = {

/* Begin PBXBuildFile section */
		2002922929657D92004005BE /* Log.swift in Sources */ = {isa = PBXBuildFile; fileRef = 2002922829657D92004005BE /* Log.swift */; };
		2033E46529505D1C00485CE9 /* tasbihApp.swift in Sources */ = {isa = PBXBuildFile; fileRef = 2033E46429505D1C00485CE9 /* tasbihApp.swift */; };
		2033E46729505D1C00485CE9 /* ContentView.swift in Sources */ = {isa = PBXBuildFile; fileRef = 2033E46629505D1C00485CE9 /* ContentView.swift */; };
		2033E46929505D1E00485CE9 /* Assets.xcassets in Resources */ = {isa = PBXBuildFile; fileRef = 2033E46829505D1E00485CE9 /* Assets.xcassets */; };
		2033E46D29505D1E00485CE9 /* Preview Assets.xcassets in Resources */ = {isa = PBXBuildFile; fileRef = 2033E46C29505D1E00485CE9 /* Preview Assets.xcassets */; };
		207FC751295105B6008A0335 /* LargeCountButtonTextStyle.swift in Sources */ = {isa = PBXBuildFile; fileRef = 207FC74E295105B6008A0335 /* LargeCountButtonTextStyle.swift */; };
		207FC752295105B6008A0335 /* Colors.swift in Sources */ = {isa = PBXBuildFile; fileRef = 207FC74F295105B6008A0335 /* Colors.swift */; };
		207FC753295105B6008A0335 /* TintButtonTextStyle.swift in Sources */ = {isa = PBXBuildFile; fileRef = 207FC750295105B6008A0335 /* TintButtonTextStyle.swift */; };
		207FC756295105CA008A0335 /* Date+Extension.swift in Sources */ = {isa = PBXBuildFile; fileRef = 207FC754295105CA008A0335 /* Date+Extension.swift */; };
		207FC757295105CA008A0335 /* Calendar+Extension.swift in Sources */ = {isa = PBXBuildFile; fileRef = 207FC755295105CA008A0335 /* Calendar+Extension.swift */; };
		207FC7602951065B008A0335 /* CountDay.swift in Sources */ = {isa = PBXBuildFile; fileRef = 207FC75E2951065B008A0335 /* CountDay.swift */; };
		207FC7612951065B008A0335 /* CountModel.swift in Sources */ = {isa = PBXBuildFile; fileRef = 207FC75F2951065B008A0335 /* CountModel.swift */; };
		207FC76429510673008A0335 /* CalendarMonthView.swift in Sources */ = {isa = PBXBuildFile; fileRef = 207FC76229510673008A0335 /* CalendarMonthView.swift */; };
		207FC76529510673008A0335 /* CalendarView.swift in Sources */ = {isa = PBXBuildFile; fileRef = 207FC76329510673008A0335 /* CalendarView.swift */; };
		207FC76829510686008A0335 /* CountView.swift in Sources */ = {isa = PBXBuildFile; fileRef = 207FC76629510686008A0335 /* CountView.swift */; };
		20F3EFB92985633000310414 /* SettingsView.swift in Sources */ = {isa = PBXBuildFile; fileRef = 20F3EFB82985633000310414 /* SettingsView.swift */; };
		20F3EFBD2985692E00310414 /* AppManager.swift in Sources */ = {isa = PBXBuildFile; fileRef = 20F3EFBC2985692E00310414 /* AppManager.swift */; };
		20F3EFC22985701300310414 /* AppColorScheme.swift in Sources */ = {isa = PBXBuildFile; fileRef = 20F3EFC12985701300310414 /* AppColorScheme.swift */; };
		20F3EFC4298575F800310414 /* TintColor.swift in Sources */ = {isa = PBXBuildFile; fileRef = 20F3EFC3298575F800310414 /* TintColor.swift */; };
		20F3EFC62985A14400310414 /* CountManager.swift in Sources */ = {isa = PBXBuildFile; fileRef = 20F3EFC52985A14400310414 /* CountManager.swift */; };
/* End PBXBuildFile section */

/* Begin PBXFileReference section */
		2002922829657D92004005BE /* Log.swift */ = {isa = PBXFileReference; lastKnownFileType = sourcecode.swift; path = Log.swift; sourceTree = "<group>"; };
		2033E46129505D1C00485CE9 /* tasbih.app */ = {isa = PBXFileReference; explicitFileType = wrapper.application; includeInIndex = 0; path = tasbih.app; sourceTree = BUILT_PRODUCTS_DIR; };
		2033E46429505D1C00485CE9 /* tasbihApp.swift */ = {isa = PBXFileReference; lastKnownFileType = sourcecode.swift; path = tasbihApp.swift; sourceTree = "<group>"; };
		2033E46629505D1C00485CE9 /* ContentView.swift */ = {isa = PBXFileReference; lastKnownFileType = sourcecode.swift; path = ContentView.swift; sourceTree = "<group>"; };
		2033E46829505D1E00485CE9 /* Assets.xcassets */ = {isa = PBXFileReference; lastKnownFileType = folder.assetcatalog; path = Assets.xcassets; sourceTree = "<group>"; };
		2033E46A29505D1E00485CE9 /* tasbih.entitlements */ = {isa = PBXFileReference; lastKnownFileType = text.plist.entitlements; path = tasbih.entitlements; sourceTree = "<group>"; };
		2033E46C29505D1E00485CE9 /* Preview Assets.xcassets */ = {isa = PBXFileReference; lastKnownFileType = folder.assetcatalog; path = "Preview Assets.xcassets"; sourceTree = "<group>"; };
		207FC74E295105B6008A0335 /* LargeCountButtonTextStyle.swift */ = {isa = PBXFileReference; fileEncoding = 4; lastKnownFileType = sourcecode.swift; path = LargeCountButtonTextStyle.swift; sourceTree = "<group>"; };
		207FC74F295105B6008A0335 /* Colors.swift */ = {isa = PBXFileReference; fileEncoding = 4; lastKnownFileType = sourcecode.swift; path = Colors.swift; sourceTree = "<group>"; };
		207FC750295105B6008A0335 /* TintButtonTextStyle.swift */ = {isa = PBXFileReference; fileEncoding = 4; lastKnownFileType = sourcecode.swift; path = TintButtonTextStyle.swift; sourceTree = "<group>"; };
		207FC754295105CA008A0335 /* Date+Extension.swift */ = {isa = PBXFileReference; fileEncoding = 4; lastKnownFileType = sourcecode.swift; path = "Date+Extension.swift"; sourceTree = "<group>"; };
		207FC755295105CA008A0335 /* Calendar+Extension.swift */ = {isa = PBXFileReference; fileEncoding = 4; lastKnownFileType = sourcecode.swift; path = "Calendar+Extension.swift"; sourceTree = "<group>"; };
		207FC75E2951065B008A0335 /* CountDay.swift */ = {isa = PBXFileReference; fileEncoding = 4; lastKnownFileType = sourcecode.swift; path = CountDay.swift; sourceTree = "<group>"; };
		207FC75F2951065B008A0335 /* CountModel.swift */ = {isa = PBXFileReference; fileEncoding = 4; lastKnownFileType = sourcecode.swift; path = CountModel.swift; sourceTree = "<group>"; };
		207FC76229510673008A0335 /* CalendarMonthView.swift */ = {isa = PBXFileReference; fileEncoding = 4; lastKnownFileType = sourcecode.swift; path = CalendarMonthView.swift; sourceTree = "<group>"; };
		207FC76329510673008A0335 /* CalendarView.swift */ = {isa = PBXFileReference; fileEncoding = 4; lastKnownFileType = sourcecode.swift; path = CalendarView.swift; sourceTree = "<group>"; };
		207FC76629510686008A0335 /* CountView.swift */ = {isa = PBXFileReference; fileEncoding = 4; lastKnownFileType = sourcecode.swift; path = CountView.swift; sourceTree = "<group>"; };
		20F3EFB82985633000310414 /* SettingsView.swift */ = {isa = PBXFileReference; lastKnownFileType = sourcecode.swift; path = SettingsView.swift; sourceTree = "<group>"; };
		20F3EFBC2985692E00310414 /* AppManager.swift */ = {isa = PBXFileReference; lastKnownFileType = sourcecode.swift; path = AppManager.swift; sourceTree = "<group>"; };
		20F3EFC12985701300310414 /* AppColorScheme.swift */ = {isa = PBXFileReference; lastKnownFileType = sourcecode.swift; path = AppColorScheme.swift; sourceTree = "<group>"; };
		20F3EFC3298575F800310414 /* TintColor.swift */ = {isa = PBXFileReference; lastKnownFileType = sourcecode.swift; path = TintColor.swift; sourceTree = "<group>"; };
		20F3EFC52985A14400310414 /* CountManager.swift */ = {isa = PBXFileReference; lastKnownFileType = sourcecode.swift; path = CountManager.swift; sourceTree = "<group>"; };
/* End PBXFileReference section */

/* Begin PBXFrameworksBuildPhase section */
		2033E45E29505D1C00485CE9 /* Frameworks */ = {
			isa = PBXFrameworksBuildPhase;
			buildActionMask = 2147483647;
			files = (
			);
			runOnlyForDeploymentPostprocessing = 0;
		};
/* End PBXFrameworksBuildPhase section */

/* Begin PBXGroup section */
		2033E45829505D1C00485CE9 = {
			isa = PBXGroup;
			children = (
				2033E46329505D1C00485CE9 /* tasbih */,
				2033E46229505D1C00485CE9 /* Products */,
			);
			sourceTree = "<group>";
		};
		2033E46229505D1C00485CE9 /* Products */ = {
			isa = PBXGroup;
			children = (
				2033E46129505D1C00485CE9 /* tasbih.app */,
			);
			name = Products;
			sourceTree = "<group>";
		};
		2033E46329505D1C00485CE9 /* tasbih */ = {
			isa = PBXGroup;
			children = (
				2033E46A29505D1E00485CE9 /* tasbih.entitlements */,
				2033E477295068B200485CE9 /* Main */,
				20F3EFBE2985698C00310414 /* Manager */,
				2033E4732950688F00485CE9 /* View */,
				2033E4742950689400485CE9 /* Model */,
				2033E4752950689E00485CE9 /* Helper */,
				2033E476295068A200485CE9 /* Resource */,
				2033E46B29505D1E00485CE9 /* Preview Content */,
			);
			path = tasbih;
			sourceTree = "<group>";
		};
		2033E46B29505D1E00485CE9 /* Preview Content */ = {
			isa = PBXGroup;
			children = (
				2033E46C29505D1E00485CE9 /* Preview Assets.xcassets */,
			);
			path = "Preview Content";
			sourceTree = "<group>";
		};
		2033E4732950688F00485CE9 /* View */ = {
			isa = PBXGroup;
			children = (
				2033E46629505D1C00485CE9 /* ContentView.swift */,
				2033E479295068D500485CE9 /* Calendar */,
				2033E478295068D200485CE9 /* Count */,
				20F3EFB72985631900310414 /* Settings */,
			);
			path = View;
			sourceTree = "<group>";
		};
		2033E4742950689400485CE9 /* Model */ = {
			isa = PBXGroup;
			children = (
				207FC75E2951065B008A0335 /* CountDay.swift */,
				207FC75F2951065B008A0335 /* CountModel.swift */,
				20F3EFC12985701300310414 /* AppColorScheme.swift */,
				20F3EFC3298575F800310414 /* TintColor.swift */,
			);
			path = Model;
			sourceTree = "<group>";
		};
		2033E4752950689E00485CE9 /* Helper */ = {
			isa = PBXGroup;
			children = (
				2002922829657D92004005BE /* Log.swift */,
				207FC74F295105B6008A0335 /* Colors.swift */,
				207FC74E295105B6008A0335 /* LargeCountButtonTextStyle.swift */,
				207FC750295105B6008A0335 /* TintButtonTextStyle.swift */,
				2033E47A2950692500485CE9 /* Extension */,
			);
			path = Helper;
			sourceTree = "<group>";
		};
		2033E476295068A200485CE9 /* Resource */ = {
			isa = PBXGroup;
			children = (
				2033E46829505D1E00485CE9 /* Assets.xcassets */,
			);
			path = Resource;
			sourceTree = "<group>";
		};
		2033E477295068B200485CE9 /* Main */ = {
			isa = PBXGroup;
			children = (
				2033E46429505D1C00485CE9 /* tasbihApp.swift */,
			);
			path = Main;
			sourceTree = "<group>";
		};
		2033E478295068D200485CE9 /* Count */ = {
			isa = PBXGroup;
			children = (
				207FC76629510686008A0335 /* CountView.swift */,
			);
			path = Count;
			sourceTree = "<group>";
		};
		2033E479295068D500485CE9 /* Calendar */ = {
			isa = PBXGroup;
			children = (
				207FC76229510673008A0335 /* CalendarMonthView.swift */,
				207FC76329510673008A0335 /* CalendarView.swift */,
			);
			path = Calendar;
			sourceTree = "<group>";
		};
		2033E47A2950692500485CE9 /* Extension */ = {
			isa = PBXGroup;
			children = (
				207FC755295105CA008A0335 /* Calendar+Extension.swift */,
				207FC754295105CA008A0335 /* Date+Extension.swift */,
			);
			path = Extension;
			sourceTree = "<group>";
		};
		20F3EFB72985631900310414 /* Settings */ = {
			isa = PBXGroup;
			children = (
				20F3EFB82985633000310414 /* SettingsView.swift */,
			);
			path = Settings;
			sourceTree = "<group>";
		};
		20F3EFBE2985698C00310414 /* Manager */ = {
			isa = PBXGroup;
			children = (
				20F3EFBC2985692E00310414 /* AppManager.swift */,
				20F3EFC52985A14400310414 /* CountManager.swift */,
			);
			path = Manager;
			sourceTree = "<group>";
		};
/* End PBXGroup section */

/* Begin PBXNativeTarget section */
		2033E46029505D1C00485CE9 /* tasbih */ = {
			isa = PBXNativeTarget;
			buildConfigurationList = 2033E47029505D1E00485CE9 /* Build configuration list for PBXNativeTarget "tasbih" */;
			buildPhases = (
				2033E45D29505D1C00485CE9 /* Sources */,
				2033E45E29505D1C00485CE9 /* Frameworks */,
				2033E45F29505D1C00485CE9 /* Resources */,
			);
			buildRules = (
			);
			dependencies = (
			);
			name = tasbih;
			productName = tasbih;
			productReference = 2033E46129505D1C00485CE9 /* tasbih.app */;
			productType = "com.apple.product-type.application";
		};
/* End PBXNativeTarget section */

/* Begin PBXProject section */
		2033E45929505D1C00485CE9 /* Project object */ = {
			isa = PBXProject;
			attributes = {
				BuildIndependentTargetsInParallel = 1;
				LastSwiftUpdateCheck = 1410;
				LastUpgradeCheck = 1410;
				TargetAttributes = {
					2033E46029505D1C00485CE9 = {
						CreatedOnToolsVersion = 14.1;
					};
				};
			};
			buildConfigurationList = 2033E45C29505D1C00485CE9 /* Build configuration list for PBXProject "tasbih" */;
			compatibilityVersion = "Xcode 14.0";
			developmentRegion = en;
			hasScannedForEncodings = 0;
			knownRegions = (
				en,
				Base,
			);
			mainGroup = 2033E45829505D1C00485CE9;
			productRefGroup = 2033E46229505D1C00485CE9 /* Products */;
			projectDirPath = "";
			projectRoot = "";
			targets = (
				2033E46029505D1C00485CE9 /* tasbih */,
			);
		};
/* End PBXProject section */

/* Begin PBXResourcesBuildPhase section */
		2033E45F29505D1C00485CE9 /* Resources */ = {
			isa = PBXResourcesBuildPhase;
			buildActionMask = 2147483647;
			files = (
				2033E46D29505D1E00485CE9 /* Preview Assets.xcassets in Resources */,
				2033E46929505D1E00485CE9 /* Assets.xcassets in Resources */,
			);
			runOnlyForDeploymentPostprocessing = 0;
		};
/* End PBXResourcesBuildPhase section */

/* Begin PBXSourcesBuildPhase section */
		2033E45D29505D1C00485CE9 /* Sources */ = {
			isa = PBXSourcesBuildPhase;
			buildActionMask = 2147483647;
			files = (
				20F3EFB92985633000310414 /* SettingsView.swift in Sources */,
				207FC7602951065B008A0335 /* CountDay.swift in Sources */,
				207FC757295105CA008A0335 /* Calendar+Extension.swift in Sources */,
				20F3EFBD2985692E00310414 /* AppManager.swift in Sources */,
				20F3EFC22985701300310414 /* AppColorScheme.swift in Sources */,
				207FC76829510686008A0335 /* CountView.swift in Sources */,
				207FC7612951065B008A0335 /* CountModel.swift in Sources */,
				20F3EFC4298575F800310414 /* TintColor.swift in Sources */,
				207FC753295105B6008A0335 /* TintButtonTextStyle.swift in Sources */,
				207FC751295105B6008A0335 /* LargeCountButtonTextStyle.swift in Sources */,
				207FC752295105B6008A0335 /* Colors.swift in Sources */,
				207FC76529510673008A0335 /* CalendarView.swift in Sources */,
				20F3EFC62985A14400310414 /* CountManager.swift in Sources */,
				2002922929657D92004005BE /* Log.swift in Sources */,
				2033E46729505D1C00485CE9 /* ContentView.swift in Sources */,
				2033E46529505D1C00485CE9 /* tasbihApp.swift in Sources */,
				207FC756295105CA008A0335 /* Date+Extension.swift in Sources */,
				207FC76429510673008A0335 /* CalendarMonthView.swift in Sources */,
			);
			runOnlyForDeploymentPostprocessing = 0;
		};
/* End PBXSourcesBuildPhase section */

/* Begin XCBuildConfiguration section */
		2033E46E29505D1E00485CE9 /* Debug */ = {
			isa = XCBuildConfiguration;
			buildSettings = {
				ALWAYS_SEARCH_USER_PATHS = NO;
				CLANG_ANALYZER_NONNULL = YES;
				CLANG_ANALYZER_NUMBER_OBJECT_CONVERSION = YES_AGGRESSIVE;
				CLANG_CXX_LANGUAGE_STANDARD = "gnu++20";
				CLANG_ENABLE_MODULES = YES;
				CLANG_ENABLE_OBJC_ARC = YES;
				CLANG_ENABLE_OBJC_WEAK = YES;
				CLANG_WARN_BLOCK_CAPTURE_AUTORELEASING = YES;
				CLANG_WARN_BOOL_CONVERSION = YES;
				CLANG_WARN_COMMA = YES;
				CLANG_WARN_CONSTANT_CONVERSION = YES;
				CLANG_WARN_DEPRECATED_OBJC_IMPLEMENTATIONS = YES;
				CLANG_WARN_DIRECT_OBJC_ISA_USAGE = YES_ERROR;
				CLANG_WARN_DOCUMENTATION_COMMENTS = YES;
				CLANG_WARN_EMPTY_BODY = YES;
				CLANG_WARN_ENUM_CONVERSION = YES;
				CLANG_WARN_INFINITE_RECURSION = YES;
				CLANG_WARN_INT_CONVERSION = YES;
				CLANG_WARN_NON_LITERAL_NULL_CONVERSION = YES;
				CLANG_WARN_OBJC_IMPLICIT_RETAIN_SELF = YES;
				CLANG_WARN_OBJC_LITERAL_CONVERSION = YES;
				CLANG_WARN_OBJC_ROOT_CLASS = YES_ERROR;
				CLANG_WARN_QUOTED_INCLUDE_IN_FRAMEWORK_HEADER = YES;
				CLANG_WARN_RANGE_LOOP_ANALYSIS = YES;
				CLANG_WARN_STRICT_PROTOTYPES = YES;
				CLANG_WARN_SUSPICIOUS_MOVE = YES;
				CLANG_WARN_UNGUARDED_AVAILABILITY = YES_AGGRESSIVE;
				CLANG_WARN_UNREACHABLE_CODE = YES;
				CLANG_WARN__DUPLICATE_METHOD_MATCH = YES;
				COPY_PHASE_STRIP = NO;
				DEBUG_INFORMATION_FORMAT = dwarf;
				ENABLE_STRICT_OBJC_MSGSEND = YES;
				ENABLE_TESTABILITY = YES;
				GCC_C_LANGUAGE_STANDARD = gnu11;
				GCC_DYNAMIC_NO_PIC = NO;
				GCC_NO_COMMON_BLOCKS = YES;
				GCC_OPTIMIZATION_LEVEL = 0;
				GCC_PREPROCESSOR_DEFINITIONS = (
					"DEBUG=1",
					"$(inherited)",
				);
				GCC_WARN_64_TO_32_BIT_CONVERSION = YES;
				GCC_WARN_ABOUT_RETURN_TYPE = YES_ERROR;
				GCC_WARN_UNDECLARED_SELECTOR = YES;
				GCC_WARN_UNINITIALIZED_AUTOS = YES_AGGRESSIVE;
				GCC_WARN_UNUSED_FUNCTION = YES;
				GCC_WARN_UNUSED_VARIABLE = YES;
				IPHONEOS_DEPLOYMENT_TARGET = 16.0;
				MTL_ENABLE_DEBUG_INFO = INCLUDE_SOURCE;
				MTL_FAST_MATH = YES;
				ONLY_ACTIVE_ARCH = YES;
				SWIFT_ACTIVE_COMPILATION_CONDITIONS = DEBUG;
				SWIFT_OPTIMIZATION_LEVEL = "-Onone";
			};
			name = Debug;
		};
		2033E46F29505D1E00485CE9 /* Release */ = {
			isa = XCBuildConfiguration;
			buildSettings = {
				ALWAYS_SEARCH_USER_PATHS = NO;
				CLANG_ANALYZER_NONNULL = YES;
				CLANG_ANALYZER_NUMBER_OBJECT_CONVERSION = YES_AGGRESSIVE;
				CLANG_CXX_LANGUAGE_STANDARD = "gnu++20";
				CLANG_ENABLE_MODULES = YES;
				CLANG_ENABLE_OBJC_ARC = YES;
				CLANG_ENABLE_OBJC_WEAK = YES;
				CLANG_WARN_BLOCK_CAPTURE_AUTORELEASING = YES;
				CLANG_WARN_BOOL_CONVERSION = YES;
				CLANG_WARN_COMMA = YES;
				CLANG_WARN_CONSTANT_CONVERSION = YES;
				CLANG_WARN_DEPRECATED_OBJC_IMPLEMENTATIONS = YES;
				CLANG_WARN_DIRECT_OBJC_ISA_USAGE = YES_ERROR;
				CLANG_WARN_DOCUMENTATION_COMMENTS = YES;
				CLANG_WARN_EMPTY_BODY = YES;
				CLANG_WARN_ENUM_CONVERSION = YES;
				CLANG_WARN_INFINITE_RECURSION = YES;
				CLANG_WARN_INT_CONVERSION = YES;
				CLANG_WARN_NON_LITERAL_NULL_CONVERSION = YES;
				CLANG_WARN_OBJC_IMPLICIT_RETAIN_SELF = YES;
				CLANG_WARN_OBJC_LITERAL_CONVERSION = YES;
				CLANG_WARN_OBJC_ROOT_CLASS = YES_ERROR;
				CLANG_WARN_QUOTED_INCLUDE_IN_FRAMEWORK_HEADER = YES;
				CLANG_WARN_RANGE_LOOP_ANALYSIS = YES;
				CLANG_WARN_STRICT_PROTOTYPES = YES;
				CLANG_WARN_SUSPICIOUS_MOVE = YES;
				CLANG_WARN_UNGUARDED_AVAILABILITY = YES_AGGRESSIVE;
				CLANG_WARN_UNREACHABLE_CODE = YES;
				CLANG_WARN__DUPLICATE_METHOD_MATCH = YES;
				COPY_PHASE_STRIP = NO;
				DEBUG_INFORMATION_FORMAT = "dwarf-with-dsym";
				ENABLE_NS_ASSERTIONS = NO;
				ENABLE_STRICT_OBJC_MSGSEND = YES;
				GCC_C_LANGUAGE_STANDARD = gnu11;
				GCC_NO_COMMON_BLOCKS = YES;
				GCC_WARN_64_TO_32_BIT_CONVERSION = YES;
				GCC_WARN_ABOUT_RETURN_TYPE = YES_ERROR;
				GCC_WARN_UNDECLARED_SELECTOR = YES;
				GCC_WARN_UNINITIALIZED_AUTOS = YES_AGGRESSIVE;
				GCC_WARN_UNUSED_FUNCTION = YES;
				GCC_WARN_UNUSED_VARIABLE = YES;
				IPHONEOS_DEPLOYMENT_TARGET = 16.0;
				MTL_ENABLE_DEBUG_INFO = NO;
				MTL_FAST_MATH = YES;
				SWIFT_COMPILATION_MODE = wholemodule;
				SWIFT_OPTIMIZATION_LEVEL = "-O";
			};
			name = Release;
		};
		2033E47129505D1E00485CE9 /* Debug */ = {
			isa = XCBuildConfiguration;
			buildSettings = {
				ASSETCATALOG_COMPILER_APPICON_NAME = AppIcon;
				ASSETCATALOG_COMPILER_GLOBAL_ACCENT_COLOR_NAME = AccentColor;
				CODE_SIGN_ENTITLEMENTS = tasbih/tasbih.entitlements;
				CODE_SIGN_STYLE = Automatic;
				CURRENT_PROJECT_VERSION = 1;
				DEVELOPMENT_ASSET_PATHS = "\"tasbih/Preview Content\"";
				DEVELOPMENT_TEAM = F23Y362U6M;
				ENABLE_HARDENED_RUNTIME = YES;
				ENABLE_PREVIEWS = YES;
				GENERATE_INFOPLIST_FILE = YES;
				INFOPLIST_KEY_LSApplicationCategoryType = "public.app-category.productivity";
				"INFOPLIST_KEY_UIApplicationSceneManifest_Generation[sdk=iphoneos*]" = YES;
				"INFOPLIST_KEY_UIApplicationSceneManifest_Generation[sdk=iphonesimulator*]" = YES;
				"INFOPLIST_KEY_UIApplicationSupportsIndirectInputEvents[sdk=iphoneos*]" = YES;
				"INFOPLIST_KEY_UIApplicationSupportsIndirectInputEvents[sdk=iphonesimulator*]" = YES;
				"INFOPLIST_KEY_UILaunchScreen_Generation[sdk=iphoneos*]" = YES;
				"INFOPLIST_KEY_UILaunchScreen_Generation[sdk=iphonesimulator*]" = YES;
				"INFOPLIST_KEY_UIStatusBarStyle[sdk=iphoneos*]" = UIStatusBarStyleDefault;
				"INFOPLIST_KEY_UIStatusBarStyle[sdk=iphonesimulator*]" = UIStatusBarStyleDefault;
				INFOPLIST_KEY_UISupportedInterfaceOrientations = UIInterfaceOrientationPortrait;
				INFOPLIST_KEY_UISupportedInterfaceOrientations_iPad = "UIInterfaceOrientationLandscapeLeft UIInterfaceOrientationLandscapeRight UIInterfaceOrientationPortrait UIInterfaceOrientationPortraitUpsideDown";
				IPHONEOS_DEPLOYMENT_TARGET = 16.0;
				LD_RUNPATH_SEARCH_PATHS = "@executable_path/Frameworks";
				"LD_RUNPATH_SEARCH_PATHS[sdk=macosx*]" = "@executable_path/../Frameworks";
				MACOSX_DEPLOYMENT_TARGET = 13.0;
				MARKETING_VERSION = 1.0;
				PRODUCT_BUNDLE_IDENTIFIER = com.tatar.tasbih;
				PRODUCT_NAME = "$(TARGET_NAME)";
				SDKROOT = auto;
				SUPPORTED_PLATFORMS = "iphoneos iphonesimulator";
				SUPPORTS_MACCATALYST = NO;
				SUPPORTS_MAC_DESIGNED_FOR_IPHONE_IPAD = NO;
				SWIFT_EMIT_LOC_STRINGS = YES;
				SWIFT_VERSION = 5.0;
				TARGETED_DEVICE_FAMILY = 1;
			};
			name = Debug;
		};
		2033E47229505D1E00485CE9 /* Release */ = {
			isa = XCBuildConfiguration;
			buildSettings = {
				ASSETCATALOG_COMPILER_APPICON_NAME = AppIcon;
				ASSETCATALOG_COMPILER_GLOBAL_ACCENT_COLOR_NAME = AccentColor;
				CODE_SIGN_ENTITLEMENTS = tasbih/tasbih.entitlements;
				CODE_SIGN_STYLE = Automatic;
				CURRENT_PROJECT_VERSION = 1;
				DEVELOPMENT_ASSET_PATHS = "\"tasbih/Preview Content\"";
				DEVELOPMENT_TEAM = F23Y362U6M;
				ENABLE_HARDENED_RUNTIME = YES;
				ENABLE_PREVIEWS = YES;
				GENERATE_INFOPLIST_FILE = YES;
				INFOPLIST_KEY_LSApplicationCategoryType = "public.app-category.productivity";
				"INFOPLIST_KEY_UIApplicationSceneManifest_Generation[sdk=iphoneos*]" = YES;
				"INFOPLIST_KEY_UIApplicationSceneManifest_Generation[sdk=iphonesimulator*]" = YES;
				"INFOPLIST_KEY_UIApplicationSupportsIndirectInputEvents[sdk=iphoneos*]" = YES;
				"INFOPLIST_KEY_UIApplicationSupportsIndirectInputEvents[sdk=iphonesimulator*]" = YES;
				"INFOPLIST_KEY_UILaunchScreen_Generation[sdk=iphoneos*]" = YES;
				"INFOPLIST_KEY_UILaunchScreen_Generation[sdk=iphonesimulator*]" = YES;
				"INFOPLIST_KEY_UIStatusBarStyle[sdk=iphoneos*]" = UIStatusBarStyleDefault;
				"INFOPLIST_KEY_UIStatusBarStyle[sdk=iphonesimulator*]" = UIStatusBarStyleDefault;
				INFOPLIST_KEY_UISupportedInterfaceOrientations = UIInterfaceOrientationPortrait;
				INFOPLIST_KEY_UISupportedInterfaceOrientations_iPad = "UIInterfaceOrientationLandscapeLeft UIInterfaceOrientationLandscapeRight UIInterfaceOrientationPortrait UIInterfaceOrientationPortraitUpsideDown";
				IPHONEOS_DEPLOYMENT_TARGET = 16.0;
				LD_RUNPATH_SEARCH_PATHS = "@executable_path/Frameworks";
				"LD_RUNPATH_SEARCH_PATHS[sdk=macosx*]" = "@executable_path/../Frameworks";
				MACOSX_DEPLOYMENT_TARGET = 13.0;
				MARKETING_VERSION = 1.0;
				PRODUCT_BUNDLE_IDENTIFIER = com.tatar.tasbih;
				PRODUCT_NAME = "$(TARGET_NAME)";
				SDKROOT = auto;
				SUPPORTED_PLATFORMS = "iphoneos iphonesimulator";
				SUPPORTS_MACCATALYST = NO;
				SUPPORTS_MAC_DESIGNED_FOR_IPHONE_IPAD = NO;
				SWIFT_EMIT_LOC_STRINGS = YES;
				SWIFT_VERSION = 5.0;
				TARGETED_DEVICE_FAMILY = 1;
			};
			name = Release;
		};
/* End XCBuildConfiguration section */

/* Begin XCConfigurationList section */
		2033E45C29505D1C00485CE9 /* Build configuration list for PBXProject "tasbih" */ = {
			isa = XCConfigurationList;
			buildConfigurations = (
				2033E46E29505D1E00485CE9 /* Debug */,
				2033E46F29505D1E00485CE9 /* Release */,
			);
			defaultConfigurationIsVisible = 0;
			defaultConfigurationName = Release;
		};
		2033E47029505D1E00485CE9 /* Build configuration list for PBXNativeTarget "tasbih" */ = {
			isa = XCConfigurationList;
			buildConfigurations = (
				2033E47129505D1E00485CE9 /* Debug */,
				2033E47229505D1E00485CE9 /* Release */,
			);
			defaultConfigurationIsVisible = 0;
			defaultConfigurationName = Release;
		};
/* End XCConfigurationList section */
	};
	rootObject = 2033E45929505D1C00485CE9 /* Project object */;
}
