// !$*UTF8*$!
{
	archiveVersion = 1;
	classes = {
	};
	objectVersion = 56;
	objects = {

/* Begin PBXBuildFile section */
		201BC73B2CB2FC0B004225D9 /* MainTabView.swift in Sources */ = {isa = PBXBuildFile; fileRef = 201BC73A2CB2FC0B004225D9 /* MainTabView.swift */; };
		20246B9A2CD6270C006AA96D /* DuaKit in Frameworks */ = {isa = PBXBuildFile; productRef = 20246B992CD6270C006AA96D /* DuaKit */; };
		2033D37B2CC24C3300909E05 /* SalahKit in Frameworks */ = {isa = PBXBuildFile; productRef = 2033D37A2CC24C3300909E05 /* SalahKit */; };
		2033D37E2CC27AF700909E05 /* ZikrKit in Frameworks */ = {isa = PBXBuildFile; productRef = 2033D37D2CC27AF700909E05 /* ZikrKit */; };
		2033E46529505D1C00485CE9 /* tasbihApp.swift in Sources */ = {isa = PBXBuildFile; fileRef = 2033E46429505D1C00485CE9 /* tasbihApp.swift */; };
		2033E46929505D1E00485CE9 /* Assets.xcassets in Resources */ = {isa = PBXBuildFile; fileRef = 2033E46829505D1E00485CE9 /* Assets.xcassets */; };
		2033E46D29505D1E00485CE9 /* Preview Assets.xcassets in Resources */ = {isa = PBXBuildFile; fileRef = 2033E46C29505D1E00485CE9 /* Preview Assets.xcassets */; };
		20E275AF2CE1041A005BDFB3 /* SettingsKit in Frameworks */ = {isa = PBXBuildFile; productRef = 20E275AE2CE1041A005BDFB3 /* SettingsKit */; };
/* End PBXBuildFile section */

/* Begin PBXFileReference section */
		201BC73A2CB2FC0B004225D9 /* MainTabView.swift */ = {isa = PBXFileReference; lastKnownFileType = sourcecode.swift; path = MainTabView.swift; sourceTree = "<group>"; };
		20246B982CD626F2006AA96D /* DuaKit */ = {isa = PBXFileReference; lastKnownFileType = wrapper; path = DuaKit; sourceTree = "<group>"; };
		2033D3792CC23FCA00909E05 /* SalahKit */ = {isa = PBXFileReference; lastKnownFileType = wrapper; path = SalahKit; sourceTree = "<group>"; };
		2033D37C2CC27A9100909E05 /* ZikrKit */ = {isa = PBXFileReference; lastKnownFileType = wrapper; path = ZikrKit; sourceTree = "<group>"; };
		2033D37F2CC27CDE00909E05 /* AppUIKit */ = {isa = PBXFileReference; lastKnownFileType = wrapper; path = AppUIKit; sourceTree = "<group>"; };
		2033D3802CC5468600909E05 /* Info.plist */ = {isa = PBXFileReference; lastKnownFileType = text.plist; path = Info.plist; sourceTree = "<group>"; };
		2033E46129505D1C00485CE9 /* tasbih.app */ = {isa = PBXFileReference; explicitFileType = wrapper.application; includeInIndex = 0; path = tasbih.app; sourceTree = BUILT_PRODUCTS_DIR; };
		2033E46429505D1C00485CE9 /* tasbihApp.swift */ = {isa = PBXFileReference; lastKnownFileType = sourcecode.swift; path = tasbihApp.swift; sourceTree = "<group>"; };
		2033E46829505D1E00485CE9 /* Assets.xcassets */ = {isa = PBXFileReference; lastKnownFileType = folder.assetcatalog; path = Assets.xcassets; sourceTree = "<group>"; };
		2033E46A29505D1E00485CE9 /* tasbih.entitlements */ = {isa = PBXFileReference; lastKnownFileType = text.plist.entitlements; path = tasbih.entitlements; sourceTree = "<group>"; };
		2033E46C29505D1E00485CE9 /* Preview Assets.xcassets */ = {isa = PBXFileReference; lastKnownFileType = folder.assetcatalog; path = "Preview Assets.xcassets"; sourceTree = "<group>"; };
		20B1C0882CC139A8008E5462 /* HelperKit */ = {isa = PBXFileReference; lastKnownFileType = wrapper; path = HelperKit; sourceTree = "<group>"; };
		20E275AD2CE103A5005BDFB3 /* SettingsKit */ = {isa = PBXFileReference; lastKnownFileType = wrapper; path = SettingsKit; sourceTree = "<group>"; };
/* End PBXFileReference section */

/* Begin PBXFrameworksBuildPhase section */
		2033E45E29505D1C00485CE9 /* Frameworks */ = {
			isa = PBXFrameworksBuildPhase;
			buildActionMask = 2147483647;
			files = (
				20E275AF2CE1041A005BDFB3 /* SettingsKit in Frameworks */,
				2033D37E2CC27AF700909E05 /* ZikrKit in Frameworks */,
				20246B9A2CD6270C006AA96D /* DuaKit in Frameworks */,
				2033D37B2CC24C3300909E05 /* SalahKit in Frameworks */,
			);
			runOnlyForDeploymentPostprocessing = 0;
		};
/* End PBXFrameworksBuildPhase section */

/* Begin PBXGroup section */
		2033E45829505D1C00485CE9 = {
			isa = PBXGroup;
			children = (
				20E275AD2CE103A5005BDFB3 /* SettingsKit */,
				20246B982CD626F2006AA96D /* DuaKit */,
				2033D37F2CC27CDE00909E05 /* AppUIKit */,
				2033D37C2CC27A9100909E05 /* ZikrKit */,
				2033D3792CC23FCA00909E05 /* SalahKit */,
				20B1C0882CC139A8008E5462 /* HelperKit */,
				2033E46329505D1C00485CE9 /* tasbih */,
				20B1C08A2CC13BDB008E5462 /* Frameworks */,
				2033E46229505D1C00485CE9 /* Products */,
			);
			sourceTree = "<group>";
		};
		2033E46229505D1C00485CE9 /* Products */ = {
			isa = PBXGroup;
			children = (
				2033E46129505D1C00485CE9 /* tasbih.app */,
			);
			name = Products;
			sourceTree = "<group>";
		};
		2033E46329505D1C00485CE9 /* tasbih */ = {
			isa = PBXGroup;
			children = (
				2033D3802CC5468600909E05 /* Info.plist */,
				2033E46A29505D1E00485CE9 /* tasbih.entitlements */,
				2033E46429505D1C00485CE9 /* tasbihApp.swift */,
				201BC73A2CB2FC0B004225D9 /* MainTabView.swift */,
				2033E46829505D1E00485CE9 /* Assets.xcassets */,
				2033E46B29505D1E00485CE9 /* Preview Content */,
			);
			path = tasbih;
			sourceTree = "<group>";
		};
		2033E46B29505D1E00485CE9 /* Preview Content */ = {
			isa = PBXGroup;
			children = (
				2033E46C29505D1E00485CE9 /* Preview Assets.xcassets */,
			);
			path = "Preview Content";
			sourceTree = "<group>";
		};
		20B1C08A2CC13BDB008E5462 /* Frameworks */ = {
			isa = PBXGroup;
			children = (
			);
			name = Frameworks;
			sourceTree = "<group>";
		};
/* End PBXGroup section */

/* Begin PBXNativeTarget section */
		2033E46029505D1C00485CE9 /* tasbih */ = {
			isa = PBXNativeTarget;
			buildConfigurationList = 2033E47029505D1E00485CE9 /* Build configuration list for PBXNativeTarget "tasbih" */;
			buildPhases = (
				2033E45D29505D1C00485CE9 /* Sources */,
				2033E45E29505D1C00485CE9 /* Frameworks */,
				2033E45F29505D1C00485CE9 /* Resources */,
			);
			buildRules = (
			);
			dependencies = (
			);
			name = tasbih;
			productName = tasbih;
			productReference = 2033E46129505D1C00485CE9 /* tasbih.app */;
			productType = "com.apple.product-type.application";
		};
/* End PBXNativeTarget section */

/* Begin PBXProject section */
		2033E45929505D1C00485CE9 /* Project object */ = {
			isa = PBXProject;
			attributes = {
				BuildIndependentTargetsInParallel = 1;
				LastSwiftUpdateCheck = 1410;
				LastUpgradeCheck = 1610;
				TargetAttributes = {
					2033E46029505D1C00485CE9 = {
						CreatedOnToolsVersion = 14.1;
					};
				};
			};
			buildConfigurationList = 2033E45C29505D1C00485CE9 /* Build configuration list for PBXProject "tasbih" */;
			compatibilityVersion = "Xcode 14.0";
			developmentRegion = en;
			hasScannedForEncodings = 0;
			knownRegions = (
				en,
				Base,
			);
			mainGroup = 2033E45829505D1C00485CE9;
			productRefGroup = 2033E46229505D1C00485CE9 /* Products */;
			projectDirPath = "";
			projectRoot = "";
			targets = (
				2033E46029505D1C00485CE9 /* tasbih */,
			);
		};
/* End PBXProject section */

/* Begin PBXResourcesBuildPhase section */
		2033E45F29505D1C00485CE9 /* Resources */ = {
			isa = PBXResourcesBuildPhase;
			buildActionMask = 2147483647;
			files = (
				2033E46D29505D1E00485CE9 /* Preview Assets.xcassets in Resources */,
				2033E46929505D1E00485CE9 /* Assets.xcassets in Resources */,
			);
			runOnlyForDeploymentPostprocessing = 0;
		};
/* End PBXResourcesBuildPhase section */

/* Begin PBXSourcesBuildPhase section */
		2033E45D29505D1C00485CE9 /* Sources */ = {
			isa = PBXSourcesBuildPhase;
			buildActionMask = 2147483647;
			files = (
				2033E46529505D1C00485CE9 /* tasbihApp.swift in Sources */,
				201BC73B2CB2FC0B004225D9 /* MainTabView.swift in Sources */,
			);
			runOnlyForDeploymentPostprocessing = 0;
		};
/* End PBXSourcesBuildPhase section */

/* Begin XCBuildConfiguration section */
		2033E46E29505D1E00485CE9 /* Debug */ = {
			isa = XCBuildConfiguration;
			buildSettings = {
				ALWAYS_SEARCH_USER_PATHS = NO;
				ASSETCATALOG_COMPILER_GENERATE_SWIFT_ASSET_SYMBOL_EXTENSIONS = YES;
				CLANG_ANALYZER_NONNULL = YES;
				CLANG_ANALYZER_NUMBER_OBJECT_CONVERSION = YES_AGGRESSIVE;
				CLANG_CXX_LANGUAGE_STANDARD = "gnu++20";
				CLANG_ENABLE_MODULES = YES;
				CLANG_ENABLE_OBJC_ARC = YES;
				CLANG_ENABLE_OBJC_WEAK = YES;
				CLANG_WARN_BLOCK_CAPTURE_AUTORELEASING = YES;
				CLANG_WARN_BOOL_CONVERSION = YES;
				CLANG_WARN_COMMA = YES;
				CLANG_WARN_CONSTANT_CONVERSION = YES;
				CLANG_WARN_DEPRECATED_OBJC_IMPLEMENTATIONS = YES;
				CLANG_WARN_DIRECT_OBJC_ISA_USAGE = YES_ERROR;
				CLANG_WARN_DOCUMENTATION_COMMENTS = YES;
				CLANG_WARN_EMPTY_BODY = YES;
				CLANG_WARN_ENUM_CONVERSION = YES;
				CLANG_WARN_INFINITE_RECURSION = YES;
				CLANG_WARN_INT_CONVERSION = YES;
				CLANG_WARN_NON_LITERAL_NULL_CONVERSION = YES;
				CLANG_WARN_OBJC_IMPLICIT_RETAIN_SELF = YES;
				CLANG_WARN_OBJC_LITERAL_CONVERSION = YES;
				CLANG_WARN_OBJC_ROOT_CLASS = YES_ERROR;
				CLANG_WARN_QUOTED_INCLUDE_IN_FRAMEWORK_HEADER = YES;
				CLANG_WARN_RANGE_LOOP_ANALYSIS = YES;
				CLANG_WARN_STRICT_PROTOTYPES = YES;
				CLANG_WARN_SUSPICIOUS_MOVE = YES;
				CLANG_WARN_UNGUARDED_AVAILABILITY = YES_AGGRESSIVE;
				CLANG_WARN_UNREACHABLE_CODE = YES;
				CLANG_WARN__DUPLICATE_METHOD_MATCH = YES;
				COPY_PHASE_STRIP = NO;
				DEAD_CODE_STRIPPING = YES;
				DEBUG_INFORMATION_FORMAT = dwarf;
				ENABLE_STRICT_OBJC_MSGSEND = YES;
				ENABLE_TESTABILITY = YES;
				ENABLE_USER_SCRIPT_SANDBOXING = YES;
				GCC_C_LANGUAGE_STANDARD = gnu11;
				GCC_DYNAMIC_NO_PIC = NO;
				GCC_NO_COMMON_BLOCKS = YES;
				GCC_OPTIMIZATION_LEVEL = 0;
				GCC_PREPROCESSOR_DEFINITIONS = (
					"DEBUG=1",
					"$(inherited)",
				);
				GCC_WARN_64_TO_32_BIT_CONVERSION = YES;
				GCC_WARN_ABOUT_RETURN_TYPE = YES_ERROR;
				GCC_WARN_UNDECLARED_SELECTOR = YES;
				GCC_WARN_UNINITIALIZED_AUTOS = YES_AGGRESSIVE;
				GCC_WARN_UNUSED_FUNCTION = YES;
				GCC_WARN_UNUSED_VARIABLE = YES;
				IPHONEOS_DEPLOYMENT_TARGET = 18.0;
				MTL_ENABLE_DEBUG_INFO = INCLUDE_SOURCE;
				MTL_FAST_MATH = YES;
				ONLY_ACTIVE_ARCH = YES;
				SWIFT_ACTIVE_COMPILATION_CONDITIONS = DEBUG;
				SWIFT_OPTIMIZATION_LEVEL = "-Onone";
			};
			name = Debug;
		};
		2033E46F29505D1E00485CE9 /* Release */ = {
			isa = XCBuildConfiguration;
			buildSettings = {
				ALWAYS_SEARCH_USER_PATHS = NO;
				ASSETCATALOG_COMPILER_GENERATE_SWIFT_ASSET_SYMBOL_EXTENSIONS = YES;
				CLANG_ANALYZER_NONNULL = YES;
				CLANG_ANALYZER_NUMBER_OBJECT_CONVERSION = YES_AGGRESSIVE;
				CLANG_CXX_LANGUAGE_STANDARD = "gnu++20";
				CLANG_ENABLE_MODULES = YES;
				CLANG_ENABLE_OBJC_ARC = YES;
				CLANG_ENABLE_OBJC_WEAK = YES;
				CLANG_WARN_BLOCK_CAPTURE_AUTORELEASING = YES;
				CLANG_WARN_BOOL_CONVERSION = YES;
				CLANG_WARN_COMMA = YES;
				CLANG_WARN_CONSTANT_CONVERSION = YES;
				CLANG_WARN_DEPRECATED_OBJC_IMPLEMENTATIONS = YES;
				CLANG_WARN_DIRECT_OBJC_ISA_USAGE = YES_ERROR;
				CLANG_WARN_DOCUMENTATION_COMMENTS = YES;
				CLANG_WARN_EMPTY_BODY = YES;
				CLANG_WARN_ENUM_CONVERSION = YES;
				CLANG_WARN_INFINITE_RECURSION = YES;
				CLANG_WARN_INT_CONVERSION = YES;
				CLANG_WARN_NON_LITERAL_NULL_CONVERSION = YES;
				CLANG_WARN_OBJC_IMPLICIT_RETAIN_SELF = YES;
				CLANG_WARN_OBJC_LITERAL_CONVERSION = YES;
				CLANG_WARN_OBJC_ROOT_CLASS = YES_ERROR;
				CLANG_WARN_QUOTED_INCLUDE_IN_FRAMEWORK_HEADER = YES;
				CLANG_WARN_RANGE_LOOP_ANALYSIS = YES;
				CLANG_WARN_STRICT_PROTOTYPES = YES;
				CLANG_WARN_SUSPICIOUS_MOVE = YES;
				CLANG_WARN_UNGUARDED_AVAILABILITY = YES_AGGRESSIVE;
				CLANG_WARN_UNREACHABLE_CODE = YES;
				CLANG_WARN__DUPLICATE_METHOD_MATCH = YES;
				COPY_PHASE_STRIP = NO;
				DEAD_CODE_STRIPPING = YES;
				DEBUG_INFORMATION_FORMAT = "dwarf-with-dsym";
				ENABLE_NS_ASSERTIONS = NO;
				ENABLE_STRICT_OBJC_MSGSEND = YES;
				ENABLE_USER_SCRIPT_SANDBOXING = YES;
				GCC_C_LANGUAGE_STANDARD = gnu11;
				GCC_NO_COMMON_BLOCKS = YES;
				GCC_WARN_64_TO_32_BIT_CONVERSION = YES;
				GCC_WARN_ABOUT_RETURN_TYPE = YES_ERROR;
				GCC_WARN_UNDECLARED_SELECTOR = YES;
				GCC_WARN_UNINITIALIZED_AUTOS = YES_AGGRESSIVE;
				GCC_WARN_UNUSED_FUNCTION = YES;
				GCC_WARN_UNUSED_VARIABLE = YES;
				IPHONEOS_DEPLOYMENT_TARGET = 18.0;
				MTL_ENABLE_DEBUG_INFO = NO;
				MTL_FAST_MATH = YES;
				SWIFT_COMPILATION_MODE = wholemodule;
				SWIFT_OPTIMIZATION_LEVEL = "-O";
			};
			name = Release;
		};
		2033E47129505D1E00485CE9 /* Debug */ = {
			isa = XCBuildConfiguration;
			buildSettings = {
				ASSETCATALOG_COMPILER_APPICON_NAME = AppIcon;
				ASSETCATALOG_COMPILER_GLOBAL_ACCENT_COLOR_NAME = AccentColor;
				CODE_SIGN_ENTITLEMENTS = tasbih/tasbih.entitlements;
				CODE_SIGN_STYLE = Automatic;
				CURRENT_PROJECT_VERSION = 1;
				DEAD_CODE_STRIPPING = YES;
				DEVELOPMENT_ASSET_PATHS = "\"tasbih/Preview Content\"";
				DEVELOPMENT_TEAM = 8Q8RA4X8M6;
				ENABLE_HARDENED_RUNTIME = YES;
				ENABLE_PREVIEWS = YES;
				GENERATE_INFOPLIST_FILE = YES;
				INFOPLIST_FILE = tasbih/Info.plist;
				INFOPLIST_KEY_CFBundleDisplayName = Tasbih;
				INFOPLIST_KEY_LSApplicationCategoryType = "public.app-category.productivity";
				INFOPLIST_KEY_NSLocationWhenInUseUsageDescription = "Need your location to calculate salah times";
				"INFOPLIST_KEY_UIApplicationSceneManifest_Generation[sdk=iphoneos*]" = YES;
				"INFOPLIST_KEY_UIApplicationSceneManifest_Generation[sdk=iphonesimulator*]" = YES;
				"INFOPLIST_KEY_UIApplicationSupportsIndirectInputEvents[sdk=iphoneos*]" = YES;
				"INFOPLIST_KEY_UIApplicationSupportsIndirectInputEvents[sdk=iphonesimulator*]" = YES;
				"INFOPLIST_KEY_UILaunchScreen_Generation[sdk=iphoneos*]" = YES;
				"INFOPLIST_KEY_UILaunchScreen_Generation[sdk=iphonesimulator*]" = YES;
				"INFOPLIST_KEY_UIStatusBarStyle[sdk=iphoneos*]" = UIStatusBarStyleDefault;
				"INFOPLIST_KEY_UIStatusBarStyle[sdk=iphonesimulator*]" = UIStatusBarStyleDefault;
				INFOPLIST_KEY_UISupportedInterfaceOrientations = UIInterfaceOrientationPortrait;
				INFOPLIST_KEY_UISupportedInterfaceOrientations_iPad = "UIInterfaceOrientationLandscapeLeft UIInterfaceOrientationLandscapeRight UIInterfaceOrientationPortrait UIInterfaceOrientationPortraitUpsideDown";
				IPHONEOS_DEPLOYMENT_TARGET = 18.0;
				LD_RUNPATH_SEARCH_PATHS = "@executable_path/Frameworks";
				"LD_RUNPATH_SEARCH_PATHS[sdk=macosx*]" = "@executable_path/../Frameworks";
				MACOSX_DEPLOYMENT_TARGET = 13.0;
				MARKETING_VERSION = 1.0;
				PRODUCT_BUNDLE_IDENTIFIER = com.tatar.counter;
				PRODUCT_NAME = "$(TARGET_NAME)";
				SDKROOT = auto;
				SUPPORTED_PLATFORMS = "iphoneos iphonesimulator";
				SUPPORTS_MACCATALYST = NO;
				SUPPORTS_MAC_DESIGNED_FOR_IPHONE_IPAD = NO;
				SWIFT_EMIT_LOC_STRINGS = YES;
				SWIFT_VERSION = 6.0;
				TARGETED_DEVICE_FAMILY = 1;
			};
			name = Debug;
		};
		2033E47229505D1E00485CE9 /* Release */ = {
			isa = XCBuildConfiguration;
			buildSettings = {
				ASSETCATALOG_COMPILER_APPICON_NAME = AppIcon;
				ASSETCATALOG_COMPILER_GLOBAL_ACCENT_COLOR_NAME = AccentColor;
				CODE_SIGN_ENTITLEMENTS = tasbih/tasbih.entitlements;
				CODE_SIGN_STYLE = Automatic;
				CURRENT_PROJECT_VERSION = 1;
				DEAD_CODE_STRIPPING = YES;
				DEVELOPMENT_ASSET_PATHS = "\"tasbih/Preview Content\"";
				DEVELOPMENT_TEAM = 8Q8RA4X8M6;
				ENABLE_HARDENED_RUNTIME = YES;
				ENABLE_PREVIEWS = YES;
				GENERATE_INFOPLIST_FILE = YES;
				INFOPLIST_FILE = tasbih/Info.plist;
				INFOPLIST_KEY_CFBundleDisplayName = Tasbih;
				INFOPLIST_KEY_LSApplicationCategoryType = "public.app-category.productivity";
				INFOPLIST_KEY_NSLocationWhenInUseUsageDescription = "Need your location to calculate salah times";
				"INFOPLIST_KEY_UIApplicationSceneManifest_Generation[sdk=iphoneos*]" = YES;
				"INFOPLIST_KEY_UIApplicationSceneManifest_Generation[sdk=iphonesimulator*]" = YES;
				"INFOPLIST_KEY_UIApplicationSupportsIndirectInputEvents[sdk=iphoneos*]" = YES;
				"INFOPLIST_KEY_UIApplicationSupportsIndirectInputEvents[sdk=iphonesimulator*]" = YES;
				"INFOPLIST_KEY_UILaunchScreen_Generation[sdk=iphoneos*]" = YES;
				"INFOPLIST_KEY_UILaunchScreen_Generation[sdk=iphonesimulator*]" = YES;
				"INFOPLIST_KEY_UIStatusBarStyle[sdk=iphoneos*]" = UIStatusBarStyleDefault;
				"INFOPLIST_KEY_UIStatusBarStyle[sdk=iphonesimulator*]" = UIStatusBarStyleDefault;
				INFOPLIST_KEY_UISupportedInterfaceOrientations = UIInterfaceOrientationPortrait;
				INFOPLIST_KEY_UISupportedInterfaceOrientations_iPad = "UIInterfaceOrientationLandscapeLeft UIInterfaceOrientationLandscapeRight UIInterfaceOrientationPortrait UIInterfaceOrientationPortraitUpsideDown";
				IPHONEOS_DEPLOYMENT_TARGET = 18.0;
				LD_RUNPATH_SEARCH_PATHS = "@executable_path/Frameworks";
				"LD_RUNPATH_SEARCH_PATHS[sdk=macosx*]" = "@executable_path/../Frameworks";
				MACOSX_DEPLOYMENT_TARGET = 13.0;
				MARKETING_VERSION = 1.0;
				PRODUCT_BUNDLE_IDENTIFIER = com.tatar.counter;
				PRODUCT_NAME = "$(TARGET_NAME)";
				SDKROOT = auto;
				SUPPORTED_PLATFORMS = "iphoneos iphonesimulator";
				SUPPORTS_MACCATALYST = NO;
				SUPPORTS_MAC_DESIGNED_FOR_IPHONE_IPAD = NO;
				SWIFT_EMIT_LOC_STRINGS = YES;
				SWIFT_VERSION = 6.0;
				TARGETED_DEVICE_FAMILY = 1;
			};
			name = Release;
		};
/* End XCBuildConfiguration section */

/* Begin XCConfigurationList section */
		2033E45C29505D1C00485CE9 /* Build configuration list for PBXProject "tasbih" */ = {
			isa = XCConfigurationList;
			buildConfigurations = (
				2033E46E29505D1E00485CE9 /* Debug */,
				2033E46F29505D1E00485CE9 /* Release */,
			);
			defaultConfigurationIsVisible = 0;
			defaultConfigurationName = Release;
		};
		2033E47029505D1E00485CE9 /* Build configuration list for PBXNativeTarget "tasbih" */ = {
			isa = XCConfigurationList;
			buildConfigurations = (
				2033E47129505D1E00485CE9 /* Debug */,
				2033E47229505D1E00485CE9 /* Release */,
			);
			defaultConfigurationIsVisible = 0;
			defaultConfigurationName = Release;
		};
/* End XCConfigurationList section */

/* Begin XCSwiftPackageProductDependency section */
		20246B992CD6270C006AA96D /* DuaKit */ = {
			isa = XCSwiftPackageProductDependency;
			productName = DuaKit;
		};
		2033D37A2CC24C3300909E05 /* SalahKit */ = {
			isa = XCSwiftPackageProductDependency;
			productName = SalahKit;
		};
		2033D37D2CC27AF700909E05 /* ZikrKit */ = {
			isa = XCSwiftPackageProductDependency;
			productName = ZikrKit;
		};
		20E275AE2CE1041A005BDFB3 /* SettingsKit */ = {
			isa = XCSwiftPackageProductDependency;
			productName = SettingsKit;
		};
/* End XCSwiftPackageProductDependency section */
	};
	rootObject = 2033E45929505D1C00485CE9 /* Project object */;
}
